// !$*UTF8*$!
{
	archiveVersion = 1;
	classes = {
	};
	objectVersion = 46;
	objects = {

/* Begin PBXBuildFile section */
		C483E65D1DFA42C90032FAE2 /* main.m in Sources */ = {isa = PBXBuildFile; fileRef = C483E65C1DFA42C90032FAE2 /* main.m */; };
		C483E6601DFA42C90032FAE2 /* AppDelegate.m in Sources */ = {isa = PBXBuildFile; fileRef = C483E65F1DFA42C90032FAE2 /* AppDelegate.m */; };
		C483E6631DFA42C90032FAE2 /* ViewController.m in Sources */ = {isa = PBXBuildFile; fileRef = C483E6621DFA42C90032FAE2 /* ViewController.m */; };
		C483E6661DFA42C90032FAE2 /* Main.storyboard in Resources */ = {isa = PBXBuildFile; fileRef = C483E6641DFA42C90032FAE2 /* Main.storyboard */; };
		C483E6681DFA42C90032FAE2 /* Assets.xcassets in Resources */ = {isa = PBXBuildFile; fileRef = C483E6671DFA42C90032FAE2 /* Assets.xcassets */; };
		C483E66B1DFA42C90032FAE2 /* LaunchScreen.storyboard in Resources */ = {isa = PBXBuildFile; fileRef = C483E6691DFA42C90032FAE2 /* LaunchScreen.storyboard */; };
/* End PBXBuildFile section */

/* Begin PBXFileReference section */
		C483E6581DFA42C90032FAE2 /* 导航栏下拉透明.app */ = {isa = PBXFileReference; explicitFileType = wrapper.application; includeInIndex = 0; path = "导航栏下拉透明.app"; sourceTree = BUILT_PRODUCTS_DIR; };
		C483E65C1DFA42C90032FAE2 /* main.m */ = {isa = PBXFileReference; lastKnownFileType = sourcecode.c.objc; path = main.m; sourceTree = "<group>"; };
		C483E65E1DFA42C90032FAE2 /* AppDelegate.h */ = {isa = PBXFileReference; lastKnownFileType = sourcecode.c.h; path = AppDelegate.h; sourceTree = "<group>"; };
		C483E65F1DFA42C90032FAE2 /* AppDelegate.m */ = {isa = PBXFileReference; lastKnownFileType = sourcecode.c.objc; path = AppDelegate.m; sourceTree = "<group>"; };
		C483E6611DFA42C90032FAE2 /* ViewController.h */ = {isa = PBXFileReference; lastKnownFileType = sourcecode.c.h; path = ViewController.h; sourceTree = "<group>"; };
		C483E6621DFA42C90032FAE2 /* ViewController.m */ = {isa = PBXFileReference; lastKnownFileType = sourcecode.c.objc; path = ViewController.m; sourceTree = "<group>"; };
		C483E6651DFA42C90032FAE2 /* Base */ = {isa = PBXFileReference; lastKnownFileType = file.storyboard; name = Base; path = Base.lproj/Main.storyboard; sourceTree = "<group>"; };
		C483E6671DFA42C90032FAE2 /* Assets.xcassets */ = {isa = PBXFileReference; lastKnownFileType = folder.assetcatalog; path = Assets.xcassets; sourceTree = "<group>"; };
		C483E66A1DFA42C90032FAE2 /* Base */ = {isa = PBXFileReference; lastKnownFileType = file.storyboard; name = Base; path = Base.lproj/LaunchScreen.storyboard; sourceTree = "<group>"; };
		C483E66C1DFA42C90032FAE2 /* Info.plist */ = {isa = PBXFileReference; lastKnownFileType = text.plist.xml; path = Info.plist; sourceTree = "<group>"; };
/* End PBXFileReference section */

/* Begin PBXFrameworksBuildPhase section */
		C483E6551DFA42C90032FAE2 /* Frameworks */ = {
			isa = PBXFrameworksBuildPhase;
			buildActionMask = 2147483647;
			files = (
			);
			runOnlyForDeploymentPostprocessing = 0;
		};
/* End PBXFrameworksBuildPhase section */

/* Begin PBXGroup section */
		C483E64F1DFA42C90032FAE2 = {
			isa = PBXGroup;
			children = (
				C483E65A1DFA42C90032FAE2 /* 导航栏下拉透明 */,
				C483E6591DFA42C90032FAE2 /* Products */,
			);
			sourceTree = "<group>";
		};
		C483E6591DFA42C90032FAE2 /* Products */ = {
			isa = PBXGroup;
			children = (
				C483E6581DFA42C90032FAE2 /* 导航栏下拉透明.app */,
			);
			name = Products;
			sourceTree = "<group>";
		};
		C483E65A1DFA42C90032FAE2 /* 导航栏下拉透明 */ = {
			isa = PBXGroup;
			children = (
				C483E65E1DFA42C90032FAE2 /* AppDelegate.h */,
				C483E65F1DFA42C90032FAE2 /* AppDelegate.m */,
				C483E6611DFA42C90032FAE2 /* ViewController.h */,
				C483E6621DFA42C90032FAE2 /* ViewController.m */,
				C483E6641DFA42C90032FAE2 /* Main.storyboard */,
				C483E6671DFA42C90032FAE2 /* Assets.xcassets */,
				C483E6691DFA42C90032FAE2 /* LaunchScreen.storyboard */,
				C483E66C1DFA42C90032FAE2 /* Info.plist */,
				C483E65B1DFA42C90032FAE2 /* Supporting Files */,
			);
			path = "导航栏下拉透明";
			sourceTree = "<group>";
		};
		C483E65B1DFA42C90032FAE2 /* Supporting Files */ = {
			isa = PBXGroup;
			children = (
				C483E65C1DFA42C90032FAE2 /* main.m */,
			);
			name = "Supporting Files";
			sourceTree = "<group>";
		};
/* End PBXGroup section */

/* Begin PBXNativeTarget section */
		C483E6571DFA42C90032FAE2 /* 导航栏下拉透明 */ = {
			isa = PBXNativeTarget;
			buildConfigurationList = C483E66F1DFA42C90032FAE2 /* Build configuration list for PBXNativeTarget "导航栏下拉透明" */;
			buildPhases = (
				C483E6541DFA42C90032FAE2 /* Sources */,
				C483E6551DFA42C90032FAE2 /* Frameworks */,
				C483E6561DFA42C90032FAE2 /* Resources */,
			);
			buildRules = (
			);
			dependencies = (
			);
			name = "导航栏下拉透明";
			productName = "导航栏下拉透明";
			productReference = C483E6581DFA42C90032FAE2 /* 导航栏下拉透明.app */;
			productType = "com.apple.product-type.application";
		};
/* End PBXNativeTarget section */

/* Begin PBXProject section */
		C483E6501DFA42C90032FAE2 /* Project object */ = {
			isa = PBXProject;
			attributes = {
				LastUpgradeCheck = 0810;
				ORGANIZATIONNAME = "张伟伟";
				TargetAttributes = {
					C483E6571DFA42C90032FAE2 = {
						CreatedOnToolsVersion = 8.1;
						DevelopmentTeam = WR9GPV5Y5H;
						ProvisioningStyle = Automatic;
					};
				};
			};
			buildConfigurationList = C483E6531DFA42C90032FAE2 /* Build configuration list for PBXProject "导航栏下拉透明" */;
			compatibilityVersion = "Xcode 3.2";
			developmentRegion = English;
			hasScannedForEncodings = 0;
			knownRegions = (
				en,
				Base,
			);
			mainGroup = C483E64F1DFA42C90032FAE2;
			productRefGroup = C483E6591DFA42C90032FAE2 /* Products */;
			projectDirPath = "";
			projectRoot = "";
			targets = (
				C483E6571DFA42C90032FAE2 /* 导航栏下拉透明 */,
			);
		};
/* End PBXProject section */

/* Begin PBXResourcesBuildPhase section */
		C483E6561DFA42C90032FAE2 /* Resources */ = {
			isa = PBXResourcesBuildPhase;
			buildActionMask = 2147483647;
			files = (
				C483E66B1DFA42C90032FAE2 /* LaunchScreen.storyboard in Resources */,
				C483E6681DFA42C90032FAE2 /* Assets.xcassets in Resources */,
				C483E6661DFA42C90032FAE2 /* Main.storyboard in Resources */,
			);
			runOnlyForDeploymentPostprocessing = 0;
		};
/* End PBXResourcesBuildPhase section */

/* Begin PBXSourcesBuildPhase section */
		C483E6541DFA42C90032FAE2 /* Sources */ = {
			isa = PBXSourcesBuildPhase;
			buildActionMask = 2147483647;
			files = (
				C483E6631DFA42C90032FAE2 /* ViewController.m in Sources */,
				C483E6601DFA42C90032FAE2 /* AppDelegate.m in Sources */,
				C483E65D1DFA42C90032FAE2 /* main.m in Sources */,
			);
			runOnlyForDeploymentPostprocessing = 0;
		};
/* End PBXSourcesBuildPhase section */

/* Begin PBXVariantGroup section */
		C483E6641DFA42C90032FAE2 /* Main.storyboard */ = {
			isa = PBXVariantGroup;
			children = (
				C483E6651DFA42C90032FAE2 /* Base */,
			);
			name = Main.storyboard;
			sourceTree = "<group>";
		};
		C483E6691DFA42C90032FAE2 /* LaunchScreen.storyboard */ = {
			isa = PBXVariantGroup;
			children = (
				C483E66A1DFA42C90032FAE2 /* Base */,
			);
			name = LaunchScreen.storyboard;
			sourceTree = "<group>";
		};
/* End PBXVariantGroup section */

/* Begin XCBuildConfiguration section */
		C483E66D1DFA42C90032FAE2 /* Debug */ = {
			isa = XCBuildConfiguration;
			buildSettings = {
				ALWAYS_SEARCH_USER_PATHS = NO;
				CLANG_ANALYZER_NONNULL = YES;
				CLANG_CXX_LANGUAGE_STANDARD = "gnu++0x";
				CLANG_CXX_LIBRARY = "libc++";
				CLANG_ENABLE_MODULES = YES;
				CLANG_ENABLE_OBJC_ARC = YES;
				CLANG_WARN_BOOL_CONVERSION = YES;
				CLANG_WARN_CONSTANT_CONVERSION = YES;
				CLANG_WARN_DIRECT_OBJC_ISA_USAGE = YES_ERROR;
				CLANG_WARN_DOCUMENTATION_COMMENTS = YES;
				CLANG_WARN_EMPTY_BODY = YES;
				CLANG_WARN_ENUM_CONVERSION = YES;
				CLANG_WARN_INFINITE_RECURSION = YES;
				CLANG_WARN_INT_CONVERSION = YES;
				CLANG_WARN_OBJC_ROOT_CLASS = YES_ERROR;
				CLANG_WARN_SUSPICIOUS_MOVES = YES;
				CLANG_WARN_UNREACHABLE_CODE = YES;
				CLANG_WARN__DUPLICATE_METHOD_MATCH = YES;
				"CODE_SIGN_IDENTITY[sdk=iphoneos*]" = "iPhone Developer";
				COPY_PHASE_STRIP = NO;
				DEBUG_INFORMATION_FORMAT = dwarf;
				ENABLE_STRICT_OBJC_MSGSEND = YES;
				ENABLE_TESTABILITY = YES;
				GCC_C_LANGUAGE_STANDARD = gnu99;
				GCC_DYNAMIC_NO_PIC = NO;
				GCC_NO_COMMON_BLOCKS = YES;
				GCC_OPTIMIZATION_LEVEL = 0;
				GCC_PREPROCESSOR_DEFINITIONS = (
					"DEBUG=1",
					"$(inherited)",
				);
				GCC_WARN_64_TO_32_BIT_CONVERSION = YES;
				GCC_WARN_ABOUT_RETURN_TYPE = YES_ERROR;
				GCC_WARN_UNDECLARED_SELECTOR = YES;
				GCC_WARN_UNINITIALIZED_AUTOS = YES_AGGRESSIVE;
				GCC_WARN_UNUSED_FUNCTION = YES;
				GCC_WARN_UNUSED_VARIABLE = YES;
				IPHONEOS_DEPLOYMENT_TARGET = 10.1;
				MTL_ENABLE_DEBUG_INFO = YES;
				ONLY_ACTIVE_ARCH = YES;
				SDKROOT = iphoneos;
				TARGETED_DEVICE_FAMILY = "1,2";
			};
			name = Debug;
		};
		C483E66E1DFA42C90032FAE2 /* Release */ = {
			isa = XCBuildConfiguration;
			buildSettings = {
				ALWAYS_SEARCH_USER_PATHS = NO;
				CLANG_ANALYZER_NONNULL = YES;
				CLANG_CXX_LANGUAGE_STANDARD = "gnu++0x";
				CLANG_CXX_LIBRARY = "libc++";
				CLANG_ENABLE_MODULES = YES;
				CLANG_ENABLE_OBJC_ARC = YES;
				CLANG_WARN_BOOL_CONVERSION = YES;
				CLANG_WARN_CONSTANT_CONVERSION = YES;
				CLANG_WARN_DIRECT_OBJC_ISA_USAGE = YES_ERROR;
				CLANG_WARN_DOCUMENTATION_COMMENTS = YES;
				CLANG_WARN_EMPTY_BODY = YES;
				CLANG_WARN_ENUM_CONVERSION = YES;
				CLANG_WARN_INFINITE_RECURSION = YES;
				CLANG_WARN_INT_CONVERSION = YES;
				CLANG_WARN_OBJC_ROOT_CLASS = YES_ERROR;
				CLANG_WARN_SUSPICIOUS_MOVES = YES;
				CLANG_WARN_UNREACHABLE_CODE = YES;
				CLANG_WARN__DUPLICATE_METHOD_MATCH = YES;
				"CODE_SIGN_IDENTITY[sdk=iphoneos*]" = "iPhone Developer";
				COPY_PHASE_STRIP = NO;
				DEBUG_INFORMATION_FORMAT = "dwarf-with-dsym";
				ENABLE_NS_ASSERTIONS = NO;
				ENABLE_STRICT_OBJC_MSGSEND = YES;
				GCC_C_LANGUAGE_STANDARD = gnu99;
				GCC_NO_COMMON_BLOCKS = YES;
				GCC_WARN_64_TO_32_BIT_CONVERSION = YES;
				GCC_WARN_ABOUT_RETURN_TYPE = YES_ERROR;
				GCC_WARN_UNDECLARED_SELECTOR = YES;
				GCC_WARN_UNINITIALIZED_AUTOS = YES_AGGRESSIVE;
				GCC_WARN_UNUSED_FUNCTION = YES;
				GCC_WARN_UNUSED_VARIABLE = YES;
				IPHONEOS_DEPLOYMENT_TARGET = 10.1;
				MTL_ENABLE_DEBUG_INFO = NO;
				SDKROOT = iphoneos;
				TARGETED_DEVICE_FAMILY = "1,2";
				VALIDATE_PRODUCT = YES;
			};
			name = Release;
		};
		C483E6701DFA42C90032FAE2 /* Debug */ = {
			isa = XCBuildConfiguration;
			buildSettings = {
				ASSETCATALOG_COMPILER_APPICON_NAME = AppIcon;
				DEVELOPMENT_TEAM = WR9GPV5Y5H;
				INFOPLIST_FILE = "导航栏下拉透明/Info.plist";
				LD_RUNPATH_SEARCH_PATHS = "$(inherited) @executable_path/Frameworks";
				PRODUCT_BUNDLE_IDENTIFIER = "zww.-------";
				PRODUCT_NAME = "$(TARGET_NAME)";
			};
			name = Debug;
		};
		C483E6711DFA42C90032FAE2 /* Release */ = {
			isa = XCBuildConfiguration;
			buildSettings = {
				ASSETCATALOG_COMPILER_APPICON_NAME = AppIcon;
				DEVELOPMENT_TEAM = WR9GPV5Y5H;
				INFOPLIST_FILE = "导航栏下拉透明/Info.plist";
				LD_RUNPATH_SEARCH_PATHS = "$(inherited) @executable_path/Frameworks";
				PRODUCT_BUNDLE_IDENTIFIER = "zww.-------";
				PRODUCT_NAME = "$(TARGET_NAME)";
			};
			name = Release;
		};
/* End XCBuildConfiguration section */

/* Begin XCConfigurationList section */
		C483E6531DFA42C90032FAE2 /* Build configuration list for PBXProject "导航栏下拉透明" */ = {
			isa = XCConfigurationList;
			buildConfigurations = (
				C483E66D1DFA42C90032FAE2 /* Debug */,
				C483E66E1DFA42C90032FAE2 /* Release */,
			);
			defaultConfigurationIsVisible = 0;
			defaultConfigurationName = Release;
		};
		C483E66F1DFA42C90032FAE2 /* Build configuration list for PBXNativeTarget "导航栏下拉透明" */ = {
			isa = XCConfigurationList;
			buildConfigurations = (
				C483E6701DFA42C90032FAE2 /* Debug */,
				C483E6711DFA42C90032FAE2 /* Release */,
			);
			defaultConfigurationIsVisible = 0;
		};
/* End XCConfigurationList section */
	};
	rootObject = C483E6501DFA42C90032FAE2 /* Project object */;
}
